// !$*UTF8*$!
{
	archiveVersion = 1;
	classes = {
	};
	objectVersion = 50;
	objects = {

/* Begin PBXBuildFile section */
		28540B5A267D1DA9006B8EA1 /* StarWarApp.swift in Sources */ = {isa = PBXBuildFile; fileRef = 28540B59267D1DA9006B8EA1 /* StarWarApp.swift */; };
		28540B5C267D1DA9006B8EA1 /* ContentView.swift in Sources */ = {isa = PBXBuildFile; fileRef = 28540B5B267D1DA9006B8EA1 /* ContentView.swift */; };
		28540B5E267D1DAB006B8EA1 /* Assets.xcassets in Resources */ = {isa = PBXBuildFile; fileRef = 28540B5D267D1DAB006B8EA1 /* Assets.xcassets */; };
		28540B61267D1DAB006B8EA1 /* Preview Assets.xcassets in Resources */ = {isa = PBXBuildFile; fileRef = 28540B60267D1DAB006B8EA1 /* Preview Assets.xcassets */; };
		28540B6A267D1F2C006B8EA1 /* StarWarAPI.swift in Sources */ = {isa = PBXBuildFile; fileRef = 28540B69267D1F2C006B8EA1 /* StarWarAPI.swift */; };
		28540B6F267D244D006B8EA1 /* MovieHomeView.swift in Sources */ = {isa = PBXBuildFile; fileRef = 28540B6E267D244D006B8EA1 /* MovieHomeView.swift */; };
		28540B72267D33C6006B8EA1 /* LazyView.swift in Sources */ = {isa = PBXBuildFile; fileRef = 28540B71267D33C6006B8EA1 /* LazyView.swift */; };
		288BC3B7267E50C000083646 /* HeaderTitle.swift in Sources */ = {isa = PBXBuildFile; fileRef = 288BC3B6267E50C000083646 /* HeaderTitle.swift */; };
		288BC3B9267E50DD00083646 /* CharcterDetailView.swift in Sources */ = {isa = PBXBuildFile; fileRef = 288BC3B8267E50DD00083646 /* CharcterDetailView.swift */; };
		288BC3BB267E511100083646 /* StarWarViewModel.swift in Sources */ = {isa = PBXBuildFile; fileRef = 288BC3BA267E511100083646 /* StarWarViewModel.swift */; };
		288BC3BE267E516600083646 /* MovieDetailView.swift in Sources */ = {isa = PBXBuildFile; fileRef = 288BC3BD267E516600083646 /* MovieDetailView.swift */; };
		288BC3C0267E538300083646 /* Planet.swift in Sources */ = {isa = PBXBuildFile; fileRef = 288BC3BF267E538300083646 /* Planet.swift */; };
		288BC3C2267E539600083646 /* Film.swift in Sources */ = {isa = PBXBuildFile; fileRef = 288BC3C1267E539600083646 /* Film.swift */; };
		288BC3C4267E53AB00083646 /* Character.swift in Sources */ = {isa = PBXBuildFile; fileRef = 288BC3C3267E53AB00083646 /* Character.swift */; };
		288BC3C6267E53C800083646 /* Starship.swift in Sources */ = {isa = PBXBuildFile; fileRef = 288BC3C5267E53C800083646 /* Starship.swift */; };
		288BC3C8267E53E000083646 /* Vehicle.swift in Sources */ = {isa = PBXBuildFile; fileRef = 288BC3C7267E53E000083646 /* Vehicle.swift */; };
		288BC3CA267E53EF00083646 /* Specie.swift in Sources */ = {isa = PBXBuildFile; fileRef = 288BC3C9267E53EF00083646 /* Specie.swift */; };
		288BC3CC267E64E600083646 /* VehicleDetailView.swift in Sources */ = {isa = PBXBuildFile; fileRef = 288BC3CB267E64E600083646 /* VehicleDetailView.swift */; };
		288BC3CE267E650200083646 /* StarshipDetailView.swift in Sources */ = {isa = PBXBuildFile; fileRef = 288BC3CD267E650200083646 /* StarshipDetailView.swift */; };
		288BC3D0267E651600083646 /* SpecieDetailView.swift in Sources */ = {isa = PBXBuildFile; fileRef = 288BC3CF267E651600083646 /* SpecieDetailView.swift */; };
		288BC3D2267E653300083646 /* PlanetDetailView.swift in Sources */ = {isa = PBXBuildFile; fileRef = 288BC3D1267E653300083646 /* PlanetDetailView.swift */; };
		288BC3D5267E692600083646 /* SearchBar.swift in Sources */ = {isa = PBXBuildFile; fileRef = 288BC3D4267E692600083646 /* SearchBar.swift */; };
/* End PBXBuildFile section */

/* Begin PBXFileReference section */
		28540B56267D1DA9006B8EA1 /* StarWar.app */ = {isa = PBXFileReference; explicitFileType = wrapper.application; includeInIndex = 0; path = StarWar.app; sourceTree = BUILT_PRODUCTS_DIR; };
		28540B59267D1DA9006B8EA1 /* StarWarApp.swift */ = {isa = PBXFileReference; lastKnownFileType = sourcecode.swift; path = StarWarApp.swift; sourceTree = "<group>"; };
		28540B5B267D1DA9006B8EA1 /* ContentView.swift */ = {isa = PBXFileReference; lastKnownFileType = sourcecode.swift; path = ContentView.swift; sourceTree = "<group>"; };
		28540B5D267D1DAB006B8EA1 /* Assets.xcassets */ = {isa = PBXFileReference; lastKnownFileType = folder.assetcatalog; path = Assets.xcassets; sourceTree = "<group>"; };
		28540B60267D1DAB006B8EA1 /* Preview Assets.xcassets */ = {isa = PBXFileReference; lastKnownFileType = folder.assetcatalog; path = "Preview Assets.xcassets"; sourceTree = "<group>"; };
		28540B62267D1DAB006B8EA1 /* Info.plist */ = {isa = PBXFileReference; lastKnownFileType = text.plist.xml; path = Info.plist; sourceTree = "<group>"; };
		28540B69267D1F2C006B8EA1 /* StarWarAPI.swift */ = {isa = PBXFileReference; lastKnownFileType = sourcecode.swift; path = StarWarAPI.swift; sourceTree = "<group>"; };
		28540B6E267D244D006B8EA1 /* MovieHomeView.swift */ = {isa = PBXFileReference; lastKnownFileType = sourcecode.swift; path = MovieHomeView.swift; sourceTree = "<group>"; };
		28540B71267D33C6006B8EA1 /* LazyView.swift */ = {isa = PBXFileReference; lastKnownFileType = sourcecode.swift; path = LazyView.swift; sourceTree = "<group>"; };
		288BC3B6267E50C000083646 /* HeaderTitle.swift */ = {isa = PBXFileReference; lastKnownFileType = sourcecode.swift; path = HeaderTitle.swift; sourceTree = "<group>"; };
		288BC3B8267E50DD00083646 /* CharcterDetailView.swift */ = {isa = PBXFileReference; lastKnownFileType = sourcecode.swift; path = CharcterDetailView.swift; sourceTree = "<group>"; };
		288BC3BA267E511100083646 /* StarWarViewModel.swift */ = {isa = PBXFileReference; lastKnownFileType = sourcecode.swift; path = StarWarViewModel.swift; sourceTree = "<group>"; };
		288BC3BD267E516600083646 /* MovieDetailView.swift */ = {isa = PBXFileReference; lastKnownFileType = sourcecode.swift; path = MovieDetailView.swift; sourceTree = "<group>"; };
		288BC3BF267E538300083646 /* Planet.swift */ = {isa = PBXFileReference; lastKnownFileType = sourcecode.swift; path = Planet.swift; sourceTree = "<group>"; };
		288BC3C1267E539600083646 /* Film.swift */ = {isa = PBXFileReference; lastKnownFileType = sourcecode.swift; path = Film.swift; sourceTree = "<group>"; };
		288BC3C3267E53AB00083646 /* Character.swift */ = {isa = PBXFileReference; lastKnownFileType = sourcecode.swift; path = Character.swift; sourceTree = "<group>"; };
		288BC3C5267E53C800083646 /* Starship.swift */ = {isa = PBXFileReference; lastKnownFileType = sourcecode.swift; path = Starship.swift; sourceTree = "<group>"; };
		288BC3C7267E53E000083646 /* Vehicle.swift */ = {isa = PBXFileReference; lastKnownFileType = sourcecode.swift; path = Vehicle.swift; sourceTree = "<group>"; };
		288BC3C9267E53EF00083646 /* Specie.swift */ = {isa = PBXFileReference; lastKnownFileType = sourcecode.swift; path = Specie.swift; sourceTree = "<group>"; };
		288BC3CB267E64E600083646 /* VehicleDetailView.swift */ = {isa = PBXFileReference; lastKnownFileType = sourcecode.swift; path = VehicleDetailView.swift; sourceTree = "<group>"; };
		288BC3CD267E650200083646 /* StarshipDetailView.swift */ = {isa = PBXFileReference; lastKnownFileType = sourcecode.swift; path = StarshipDetailView.swift; sourceTree = "<group>"; };
		288BC3CF267E651600083646 /* SpecieDetailView.swift */ = {isa = PBXFileReference; lastKnownFileType = sourcecode.swift; path = SpecieDetailView.swift; sourceTree = "<group>"; };
		288BC3D1267E653300083646 /* PlanetDetailView.swift */ = {isa = PBXFileReference; lastKnownFileType = sourcecode.swift; path = PlanetDetailView.swift; sourceTree = "<group>"; };
		288BC3D4267E692600083646 /* SearchBar.swift */ = {isa = PBXFileReference; lastKnownFileType = sourcecode.swift; path = SearchBar.swift; sourceTree = "<group>"; };
/* End PBXFileReference section */

/* Begin PBXFrameworksBuildPhase section */
		28540B53267D1DA8006B8EA1 /* Frameworks */ = {
			isa = PBXFrameworksBuildPhase;
			buildActionMask = 2147483647;
			files = (
			);
			runOnlyForDeploymentPostprocessing = 0;
		};
/* End PBXFrameworksBuildPhase section */

/* Begin PBXGroup section */
		28540B4D267D1DA8006B8EA1 = {
			isa = PBXGroup;
			children = (
				28540B58267D1DA9006B8EA1 /* StarWar */,
				28540B57267D1DA9006B8EA1 /* Products */,
			);
			sourceTree = "<group>";
		};
		28540B57267D1DA9006B8EA1 /* Products */ = {
			isa = PBXGroup;
			children = (
				28540B56267D1DA9006B8EA1 /* StarWar.app */,
			);
			name = Products;
			sourceTree = "<group>";
		};
		28540B58267D1DA9006B8EA1 /* StarWar */ = {
			isa = PBXGroup;
			children = (
				28540B68267D1F12006B8EA1 /* Api */,
				28540B70267D33AF006B8EA1 /* Utils */,
				28540B6B267D1F3B006B8EA1 /* Model */,
				28540B6C267D1F41006B8EA1 /* View */,
				28540B6D267D1F45006B8EA1 /* ViewModel */,
				28540B59267D1DA9006B8EA1 /* StarWarApp.swift */,
				28540B5B267D1DA9006B8EA1 /* ContentView.swift */,
				28540B5D267D1DAB006B8EA1 /* Assets.xcassets */,
				28540B62267D1DAB006B8EA1 /* Info.plist */,
				28540B5F267D1DAB006B8EA1 /* Preview Content */,
			);
			path = StarWar;
			sourceTree = "<group>";
		};
		28540B5F267D1DAB006B8EA1 /* Preview Content */ = {
			isa = PBXGroup;
			children = (
				28540B60267D1DAB006B8EA1 /* Preview Assets.xcassets */,
			);
			path = "Preview Content";
			sourceTree = "<group>";
		};
		28540B68267D1F12006B8EA1 /* Api */ = {
			isa = PBXGroup;
			children = (
				28540B69267D1F2C006B8EA1 /* StarWarAPI.swift */,
			);
			path = Api;
			sourceTree = "<group>";
		};
		28540B6B267D1F3B006B8EA1 /* Model */ = {
			isa = PBXGroup;
			children = (
				288BC3BF267E538300083646 /* Planet.swift */,
				288BC3C7267E53E000083646 /* Vehicle.swift */,
				288BC3C9267E53EF00083646 /* Specie.swift */,
				288BC3C5267E53C800083646 /* Starship.swift */,
				288BC3C3267E53AB00083646 /* Character.swift */,
				288BC3C1267E539600083646 /* Film.swift */,
			);
			path = Model;
			sourceTree = "<group>";
		};
		28540B6C267D1F41006B8EA1 /* View */ = {
			isa = PBXGroup;
			children = (
				288BC3D3267E655700083646 /* InfoDetail */,
				28540B6E267D244D006B8EA1 /* MovieHomeView.swift */,
				288BC3BD267E516600083646 /* MovieDetailView.swift */,
			);
			path = View;
			sourceTree = "<group>";
		};
		28540B6D267D1F45006B8EA1 /* ViewModel */ = {
			isa = PBXGroup;
			children = (
				288BC3BA267E511100083646 /* StarWarViewModel.swift */,
			);
			path = ViewModel;
			sourceTree = "<group>";
		};
		28540B70267D33AF006B8EA1 /* Utils */ = {
			isa = PBXGroup;
			children = (
				28540B71267D33C6006B8EA1 /* LazyView.swift */,
				288BC3B6267E50C000083646 /* HeaderTitle.swift */,
				288BC3D4267E692600083646 /* SearchBar.swift */,
			);
			path = Utils;
			sourceTree = "<group>";
		};
		288BC3D3267E655700083646 /* InfoDetail */ = {
			isa = PBXGroup;
			children = (
				288BC3CB267E64E600083646 /* VehicleDetailView.swift */,
				288BC3CD267E650200083646 /* StarshipDetailView.swift */,
				288BC3CF267E651600083646 /* SpecieDetailView.swift */,
				288BC3D1267E653300083646 /* PlanetDetailView.swift */,
				288BC3B8267E50DD00083646 /* CharcterDetailView.swift */,
			);
			path = InfoDetail;
			sourceTree = "<group>";
		};
/* End PBXGroup section */

/* Begin PBXNativeTarget section */
		28540B55267D1DA8006B8EA1 /* StarWar */ = {
			isa = PBXNativeTarget;
			buildConfigurationList = 28540B65267D1DAB006B8EA1 /* Build configuration list for PBXNativeTarget "StarWar" */;
			buildPhases = (
				28540B52267D1DA8006B8EA1 /* Sources */,
				28540B53267D1DA8006B8EA1 /* Frameworks */,
				28540B54267D1DA8006B8EA1 /* Resources */,
			);
			buildRules = (
			);
			dependencies = (
			);
			name = StarWar;
			productName = StarWar;
			productReference = 28540B56267D1DA9006B8EA1 /* StarWar.app */;
			productType = "com.apple.product-type.application";
		};
/* End PBXNativeTarget section */

/* Begin PBXProject section */
		28540B4E267D1DA8006B8EA1 /* Project object */ = {
			isa = PBXProject;
			attributes = {
				LastSwiftUpdateCheck = 1250;
				LastUpgradeCheck = 1250;
				TargetAttributes = {
					28540B55267D1DA8006B8EA1 = {
						CreatedOnToolsVersion = 12.5;
					};
				};
			};
			buildConfigurationList = 28540B51267D1DA8006B8EA1 /* Build configuration list for PBXProject "StarWar" */;
			compatibilityVersion = "Xcode 9.3";
			developmentRegion = en;
			hasScannedForEncodings = 0;
			knownRegions = (
				en,
				Base,
			);
			mainGroup = 28540B4D267D1DA8006B8EA1;
			productRefGroup = 28540B57267D1DA9006B8EA1 /* Products */;
			projectDirPath = "";
			projectRoot = "";
			targets = (
				28540B55267D1DA8006B8EA1 /* StarWar */,
			);
		};
/* End PBXProject section */

/* Begin PBXResourcesBuildPhase section */
		28540B54267D1DA8006B8EA1 /* Resources */ = {
			isa = PBXResourcesBuildPhase;
			buildActionMask = 2147483647;
			files = (
				28540B61267D1DAB006B8EA1 /* Preview Assets.xcassets in Resources */,
				28540B5E267D1DAB006B8EA1 /* Assets.xcassets in Resources */,
			);
			runOnlyForDeploymentPostprocessing = 0;
		};
/* End PBXResourcesBuildPhase section */

/* Begin PBXSourcesBuildPhase section */
		28540B52267D1DA8006B8EA1 /* Sources */ = {
			isa = PBXSourcesBuildPhase;
			buildActionMask = 2147483647;
			files = (
				288BC3CC267E64E600083646 /* VehicleDetailView.swift in Sources */,
				28540B6A267D1F2C006B8EA1 /* StarWarAPI.swift in Sources */,
				288BC3BB267E511100083646 /* StarWarViewModel.swift in Sources */,
				288BC3B7267E50C000083646 /* HeaderTitle.swift in Sources */,
				288BC3C4267E53AB00083646 /* Character.swift in Sources */,
				288BC3BE267E516600083646 /* MovieDetailView.swift in Sources */,
				28540B5C267D1DA9006B8EA1 /* ContentView.swift in Sources */,
				28540B6F267D244D006B8EA1 /* MovieHomeView.swift in Sources */,
				288BC3C2267E539600083646 /* Film.swift in Sources */,
				28540B72267D33C6006B8EA1 /* LazyView.swift in Sources */,
				288BC3C6267E53C800083646 /* Starship.swift in Sources */,
				28540B5A267D1DA9006B8EA1 /* StarWarApp.swift in Sources */,
				288BC3B9267E50DD00083646 /* CharcterDetailView.swift in Sources */,
				288BC3C8267E53E000083646 /* Vehicle.swift in Sources */,
				288BC3CE267E650200083646 /* StarshipDetailView.swift in Sources */,
				288BC3CA267E53EF00083646 /* Specie.swift in Sources */,
				288BC3D0267E651600083646 /* SpecieDetailView.swift in Sources */,
				288BC3D5267E692600083646 /* SearchBar.swift in Sources */,
				288BC3C0267E538300083646 /* Planet.swift in Sources */,
				288BC3D2267E653300083646 /* PlanetDetailView.swift in Sources */,
			);
			runOnlyForDeploymentPostprocessing = 0;
		};
/* End PBXSourcesBuildPhase section */

/* Begin XCBuildConfiguration section */
		28540B63267D1DAB006B8EA1 /* Debug */ = {
			isa = XCBuildConfiguration;
			buildSettings = {
				ALWAYS_SEARCH_USER_PATHS = NO;
				CLANG_ANALYZER_NONNULL = YES;
				CLANG_ANALYZER_NUMBER_OBJECT_CONVERSION = YES_AGGRESSIVE;
				CLANG_CXX_LANGUAGE_STANDARD = "gnu++14";
				CLANG_CXX_LIBRARY = "libc++";
				CLANG_ENABLE_MODULES = YES;
				CLANG_ENABLE_OBJC_ARC = YES;
				CLANG_ENABLE_OBJC_WEAK = YES;
				CLANG_WARN_BLOCK_CAPTURE_AUTORELEASING = YES;
				CLANG_WARN_BOOL_CONVERSION = YES;
				CLANG_WARN_COMMA = YES;
				CLANG_WARN_CONSTANT_CONVERSION = YES;
				CLANG_WARN_DEPRECATED_OBJC_IMPLEMENTATIONS = YES;
				CLANG_WARN_DIRECT_OBJC_ISA_USAGE = YES_ERROR;
				CLANG_WARN_DOCUMENTATION_COMMENTS = YES;
				CLANG_WARN_EMPTY_BODY = YES;
				CLANG_WARN_ENUM_CONVERSION = YES;
				CLANG_WARN_INFINITE_RECURSION = YES;
				CLANG_WARN_INT_CONVERSION = YES;
				CLANG_WARN_NON_LITERAL_NULL_CONVERSION = YES;
				CLANG_WARN_OBJC_IMPLICIT_RETAIN_SELF = YES;
				CLANG_WARN_OBJC_LITERAL_CONVERSION = YES;
				CLANG_WARN_OBJC_ROOT_CLASS = YES_ERROR;
				CLANG_WARN_QUOTED_INCLUDE_IN_FRAMEWORK_HEADER = YES;
				CLANG_WARN_RANGE_LOOP_ANALYSIS = YES;
				CLANG_WARN_STRICT_PROTOTYPES = YES;
				CLANG_WARN_SUSPICIOUS_MOVE = YES;
				CLANG_WARN_UNGUARDED_AVAILABILITY = YES_AGGRESSIVE;
				CLANG_WARN_UNREACHABLE_CODE = YES;
				CLANG_WARN__DUPLICATE_METHOD_MATCH = YES;
				COPY_PHASE_STRIP = NO;
				DEBUG_INFORMATION_FORMAT = dwarf;
				ENABLE_STRICT_OBJC_MSGSEND = YES;
				ENABLE_TESTABILITY = YES;
				GCC_C_LANGUAGE_STANDARD = gnu11;
				GCC_DYNAMIC_NO_PIC = NO;
				GCC_NO_COMMON_BLOCKS = YES;
				GCC_OPTIMIZATION_LEVEL = 0;
				GCC_PREPROCESSOR_DEFINITIONS = (
					"DEBUG=1",
					"$(inherited)",
				);
				GCC_WARN_64_TO_32_BIT_CONVERSION = YES;
				GCC_WARN_ABOUT_RETURN_TYPE = YES_ERROR;
				GCC_WARN_UNDECLARED_SELECTOR = YES;
				GCC_WARN_UNINITIALIZED_AUTOS = YES_AGGRESSIVE;
				GCC_WARN_UNUSED_FUNCTION = YES;
				GCC_WARN_UNUSED_VARIABLE = YES;
				IPHONEOS_DEPLOYMENT_TARGET = 14.5;
				MTL_ENABLE_DEBUG_INFO = INCLUDE_SOURCE;
				MTL_FAST_MATH = YES;
				ONLY_ACTIVE_ARCH = YES;
				SDKROOT = iphoneos;
				SWIFT_ACTIVE_COMPILATION_CONDITIONS = DEBUG;
				SWIFT_OPTIMIZATION_LEVEL = "-Onone";
			};
			name = Debug;
		};
		28540B64267D1DAB006B8EA1 /* Release */ = {
			isa = XCBuildConfiguration;
			buildSettings = {
				ALWAYS_SEARCH_USER_PATHS = NO;
				CLANG_ANALYZER_NONNULL = YES;
				CLANG_ANALYZER_NUMBER_OBJECT_CONVERSION = YES_AGGRESSIVE;
				CLANG_CXX_LANGUAGE_STANDARD = "gnu++14";
				CLANG_CXX_LIBRARY = "libc++";
				CLANG_ENABLE_MODULES = YES;
				CLANG_ENABLE_OBJC_ARC = YES;
				CLANG_ENABLE_OBJC_WEAK = YES;
				CLANG_WARN_BLOCK_CAPTURE_AUTORELEASING = YES;
				CLANG_WARN_BOOL_CONVERSION = YES;
				CLANG_WARN_COMMA = YES;
				CLANG_WARN_CONSTANT_CONVERSION = YES;
				CLANG_WARN_DEPRECATED_OBJC_IMPLEMENTATIONS = YES;
				CLANG_WARN_DIRECT_OBJC_ISA_USAGE = YES_ERROR;
				CLANG_WARN_DOCUMENTATION_COMMENTS = YES;
				CLANG_WARN_EMPTY_BODY = YES;
				CLANG_WARN_ENUM_CONVERSION = YES;
				CLANG_WARN_INFINITE_RECURSION = YES;
				CLANG_WARN_INT_CONVERSION = YES;
				CLANG_WARN_NON_LITERAL_NULL_CONVERSION = YES;
				CLANG_WARN_OBJC_IMPLICIT_RETAIN_SELF = YES;
				CLANG_WARN_OBJC_LITERAL_CONVERSION = YES;
				CLANG_WARN_OBJC_ROOT_CLASS = YES_ERROR;
				CLANG_WARN_QUOTED_INCLUDE_IN_FRAMEWORK_HEADER = YES;
				CLANG_WARN_RANGE_LOOP_ANALYSIS = YES;
				CLANG_WARN_STRICT_PROTOTYPES = YES;
				CLANG_WARN_SUSPICIOUS_MOVE = YES;
				CLANG_WARN_UNGUARDED_AVAILABILITY = YES_AGGRESSIVE;
				CLANG_WARN_UNREACHABLE_CODE = YES;
				CLANG_WARN__DUPLICATE_METHOD_MATCH = YES;
				COPY_PHASE_STRIP = NO;
				DEBUG_INFORMATION_FORMAT = "dwarf-with-dsym";
				ENABLE_NS_ASSERTIONS = NO;
				ENABLE_STRICT_OBJC_MSGSEND = YES;
				GCC_C_LANGUAGE_STANDARD = gnu11;
				GCC_NO_COMMON_BLOCKS = YES;
				GCC_WARN_64_TO_32_BIT_CONVERSION = YES;
				GCC_WARN_ABOUT_RETURN_TYPE = YES_ERROR;
				GCC_WARN_UNDECLARED_SELECTOR = YES;
				GCC_WARN_UNINITIALIZED_AUTOS = YES_AGGRESSIVE;
				GCC_WARN_UNUSED_FUNCTION = YES;
				GCC_WARN_UNUSED_VARIABLE = YES;
				IPHONEOS_DEPLOYMENT_TARGET = 14.5;
				MTL_ENABLE_DEBUG_INFO = NO;
				MTL_FAST_MATH = YES;
				SDKROOT = iphoneos;
				SWIFT_COMPILATION_MODE = wholemodule;
				SWIFT_OPTIMIZATION_LEVEL = "-O";
				VALIDATE_PRODUCT = YES;
			};
			name = Release;
		};
		28540B66267D1DAB006B8EA1 /* Debug */ = {
			isa = XCBuildConfiguration;
			buildSettings = {
				ASSETCATALOG_COMPILER_APPICON_NAME = AppIcon;
				ASSETCATALOG_COMPILER_GLOBAL_ACCENT_COLOR_NAME = AccentColor;
				CODE_SIGN_STYLE = Automatic;
				DEVELOPMENT_ASSET_PATHS = "\"StarWar/Preview Content\"";
				DEVELOPMENT_TEAM = XX8BFQJ7RJ;
				ENABLE_PREVIEWS = YES;
				INFOPLIST_FILE = StarWar/Info.plist;
				IPHONEOS_DEPLOYMENT_TARGET = 14.0;
				LD_RUNPATH_SEARCH_PATHS = (
					"$(inherited)",
					"@executable_path/Frameworks",
				);
				PRODUCT_BUNDLE_IDENTIFIER = swift.StarWar;
				PRODUCT_NAME = "$(TARGET_NAME)";
				SWIFT_VERSION = 5.0;
				TARGETED_DEVICE_FAMILY = "1,2";
			};
			name = Debug;
		};
		28540B67267D1DAB006B8EA1 /* Release */ = {
			isa = XCBuildConfiguration;
			buildSettings = {
				ASSETCATALOG_COMPILER_APPICON_NAME = AppIcon;
				ASSETCATALOG_COMPILER_GLOBAL_ACCENT_COLOR_NAME = AccentColor;
				CODE_SIGN_STYLE = Automatic;
				DEVELOPMENT_ASSET_PATHS = "\"StarWar/Preview Content\"";
				DEVELOPMENT_TEAM = XX8BFQJ7RJ;
				ENABLE_PREVIEWS = YES;
				INFOPLIST_FILE = StarWar/Info.plist;
				IPHONEOS_DEPLOYMENT_TARGET = 14.0;
				LD_RUNPATH_SEARCH_PATHS = (
					"$(inherited)",
					"@executable_path/Frameworks",
				);
				PRODUCT_BUNDLE_IDENTIFIER = swift.StarWar;
				PRODUCT_NAME = "$(TARGET_NAME)";
				SWIFT_VERSION = 5.0;
				TARGETED_DEVICE_FAMILY = "1,2";
			};
			name = Release;
		};
/* End XCBuildConfiguration section */

/* Begin XCConfigurationList section */
		28540B51267D1DA8006B8EA1 /* Build configuration list for PBXProject "StarWar" */ = {
			isa = XCConfigurationList;
			buildConfigurations = (
				28540B63267D1DAB006B8EA1 /* Debug */,
				28540B64267D1DAB006B8EA1 /* Release */,
			);
			defaultConfigurationIsVisible = 0;
			defaultConfigurationName = Release;
		};
		28540B65267D1DAB006B8EA1 /* Build configuration list for PBXNativeTarget "StarWar" */ = {
			isa = XCConfigurationList;
			buildConfigurations = (
				28540B66267D1DAB006B8EA1 /* Debug */,
				28540B67267D1DAB006B8EA1 /* Release */,
			);
			defaultConfigurationIsVisible = 0;
			defaultConfigurationName = Release;
		};
/* End XCConfigurationList section */
	};
	rootObject = 28540B4E267D1DA8006B8EA1 /* Project object */;
}
